
Microsoft Visual Studio Solution File, Format Version 12.00
# Visual Studio Version 16
VisualStudioVersion = 16.0.29503.13
MinimumVisualStudioVersion = 10.0.40219.1
Project("{FAE04EC0-301F-11D3-BF4B-00C04F79EFBC}") = "News.Web", "NewsApplication\News.Web.csproj", "{B07FBAD1-9A0B-4DF3-86C2-DAA174D83B0E}"
EndProject
Project("{FAE04EC0-301F-11D3-BF4B-00C04F79EFBC}") = "News.Business", "News.Business\News.Business.csproj", "{9FDD0494-DA89-4E8D-A202-6FD90A9F2DD8}"
EndProject
Project("{FAE04EC0-301F-11D3-BF4B-00C04F79EFBC}") = "News.DAL", "News.DAL\News.DAL.csproj", "{AF3B6727-906A-4AB1-B26B-F139FAD14160}"
EndProject
Global
	GlobalSection(SolutionConfigurationPlatforms) = preSolution
		Debug|Any CPU = Debug|Any CPU
		Release|Any CPU = Release|Any CPU
	EndGlobalSection
	GlobalSection(ProjectConfigurationPlatforms) = postSolution
		{B07FBAD1-9A0B-4DF3-86C2-DAA174D83B0E}.Debug|Any CPU.ActiveCfg = Debug|Any CPU
		{B07FBAD1-9A0B-4DF3-86C2-DAA174D83B0E}.Debug|Any CPU.Build.0 = Debug|Any CPU
		{B07FBAD1-9A0B-4DF3-86C2-DAA174D83B0E}.Release|Any CPU.ActiveCfg = Release|Any CPU
		{B07FBAD1-9A0B-4DF3-86C2-DAA174D83B0E}.Release|Any CPU.Build.0 = Release|Any CPU
		{9FDD0494-DA89-4E8D-A202-6FD90A9F2DD8}.Debug|Any CPU.ActiveCfg = Debug|Any CPU
		{9FDD0494-DA89-4E8D-A202-6FD90A9F2DD8}.Debug|Any CPU.Build.0 = Debug|Any CPU
		{9FDD0494-DA89-4E8D-A202-6FD90A9F2DD8}.Release|Any CPU.ActiveCfg = Release|Any CPU
		{9FDD0494-DA89-4E8D-A202-6FD90A9F2DD8}.Release|Any CPU.Build.0 = Release|Any CPU
		{AF3B6727-906A-4AB1-B26B-F139FAD14160}.Debug|Any CPU.ActiveCfg = Debug|Any CPU
		{AF3B6727-906A-4AB1-B26B-F139FAD14160}.Debug|Any CPU.Build.0 = Debug|Any CPU
		{AF3B6727-906A-4AB1-B26B-F139FAD14160}.Release|Any CPU.ActiveCfg = Release|Any CPU
		{AF3B6727-906A-4AB1-B26B-F139FAD14160}.Release|Any CPU.Build.0 = Release|Any CPU
	EndGlobalSection
	GlobalSection(SolutionProperties) = preSolution
		HideSolutionNode = FALSE
	EndGlobalSection
	GlobalSection(ExtensibilityGlobals) = postSolution
		SolutionGuid = {7F1A1EA6-CE5F-4F7F-A8F7-6726917FF21C}
	EndGlobalSection
EndGlobal
